// !$*UTF8*$!
{
	archiveVersion = 1;
	classes = {
	};
	objectVersion = 50;
	objects = {

/* Begin PBXBuildFile section */
		2BCD72FD23F6F1BC001D63CE /* main.cpp in Sources */ = {isa = PBXBuildFile; fileRef = 2BCD72FC23F6F1BC001D63CE /* main.cpp */; };
/* End PBXBuildFile section */

/* Begin PBXCopyFilesBuildPhase section */
		2BCD72F723F6F1BC001D63CE /* CopyFiles */ = {
			isa = PBXCopyFilesBuildPhase;
			buildActionMask = 2147483647;
			dstPath = /usr/share/man/man1/;
			dstSubfolderSpec = 0;
			files = (
			);
			runOnlyForDeploymentPostprocessing = 1;
		};
/* End PBXCopyFilesBuildPhase section */

/* Begin PBXFileReference section */
		2BCD72F923F6F1BC001D63CE /* SwiftWalker */ = {isa = PBXFileReference; explicitFileType = "compiled.mach-o.executable"; includeInIndex = 0; path = SwiftWalker; sourceTree = BUILT_PRODUCTS_DIR; };
		2BCD72FC23F6F1BC001D63CE /* main.cpp */ = {isa = PBXFileReference; lastKnownFileType = sourcecode.cpp.cpp; path = main.cpp; sourceTree = "<group>"; };
		2BEA51BF23FF0824004D6B60 /* SwiftWalker.entitlements */ = {isa = PBXFileReference; lastKnownFileType = text.plist.entitlements; path = SwiftWalker.entitlements; sourceTree = "<group>"; };
/* End PBXFileReference section */

/* Begin PBXFrameworksBuildPhase section */
		2BCD72F623F6F1BC001D63CE /* Frameworks */ = {
			isa = PBXFrameworksBuildPhase;
			buildActionMask = 2147483647;
			files = (
			);
			runOnlyForDeploymentPostprocessing = 0;
		};
/* End PBXFrameworksBuildPhase section */

/* Begin PBXGroup section */
		2BCD72F023F6F1BC001D63CE = {
			isa = PBXGroup;
			children = (
				2BCD72FB23F6F1BC001D63CE /* SwiftWalker */,
				2BCD72FA23F6F1BC001D63CE /* Products */,
			);
			sourceTree = "<group>";
		};
		2BCD72FA23F6F1BC001D63CE /* Products */ = {
			isa = PBXGroup;
			children = (
				2BCD72F923F6F1BC001D63CE /* SwiftWalker */,
			);
			name = Products;
			sourceTree = "<group>";
		};
		2BCD72FB23F6F1BC001D63CE /* SwiftWalker */ = {
			isa = PBXGroup;
			children = (
				2BEA51BF23FF0824004D6B60 /* SwiftWalker.entitlements */,
				2BCD72FC23F6F1BC001D63CE /* main.cpp */,
			);
			path = SwiftWalker;
			sourceTree = "<group>";
		};
/* End PBXGroup section */

/* Begin PBXNativeTarget section */
		2BCD72F823F6F1BC001D63CE /* SwiftWalker */ = {
			isa = PBXNativeTarget;
			buildConfigurationList = 2BCD730023F6F1BC001D63CE /* Build configuration list for PBXNativeTarget "SwiftWalker" */;
			buildPhases = (
				2BCD72F523F6F1BC001D63CE /* Sources */,
				2BCD72F623F6F1BC001D63CE /* Frameworks */,
				2BCD72F723F6F1BC001D63CE /* CopyFiles */,
			);
			buildRules = (
			);
			dependencies = (
			);
			name = SwiftWalker;
			productName = SwiftWalker;
			productReference = 2BCD72F923F6F1BC001D63CE /* SwiftWalker */;
			productType = "com.apple.product-type.tool";
		};
/* End PBXNativeTarget section */

/* Begin PBXProject section */
		2BCD72F123F6F1BC001D63CE /* Project object */ = {
			isa = PBXProject;
			attributes = {
				LastUpgradeCheck = 1120;
				ORGANIZATIONNAME = "Teodor Dermendzhiev";
				TargetAttributes = {
					2BCD72F823F6F1BC001D63CE = {
						CreatedOnToolsVersion = 11.2.1;
					};
				};
			};
			buildConfigurationList = 2BCD72F423F6F1BC001D63CE /* Build configuration list for PBXProject "SwiftWalker" */;
			compatibilityVersion = "Xcode 9.3";
			developmentRegion = en;
			hasScannedForEncodings = 0;
			knownRegions = (
				en,
				Base,
			);
			mainGroup = 2BCD72F023F6F1BC001D63CE;
			productRefGroup = 2BCD72FA23F6F1BC001D63CE /* Products */;
			projectDirPath = "";
			projectRoot = "";
			targets = (
				2BCD72F823F6F1BC001D63CE /* SwiftWalker */,
			);
		};
/* End PBXProject section */

/* Begin PBXSourcesBuildPhase section */
		2BCD72F523F6F1BC001D63CE /* Sources */ = {
			isa = PBXSourcesBuildPhase;
			buildActionMask = 2147483647;
			files = (
				2BCD72FD23F6F1BC001D63CE /* main.cpp in Sources */,
			);
			runOnlyForDeploymentPostprocessing = 0;
		};
/* End PBXSourcesBuildPhase section */

/* Begin XCBuildConfiguration section */
		2BCD72FE23F6F1BC001D63CE /* Debug */ = {
			isa = XCBuildConfiguration;
			buildSettings = {
				ALWAYS_SEARCH_USER_PATHS = NO;
				CLANG_ANALYZER_NONNULL = YES;
				CLANG_ANALYZER_NUMBER_OBJECT_CONVERSION = YES_AGGRESSIVE;
				CLANG_CXX_LANGUAGE_STANDARD = "gnu++14";
				CLANG_CXX_LIBRARY = "libc++";
				CLANG_ENABLE_MODULES = YES;
				CLANG_ENABLE_OBJC_ARC = YES;
				CLANG_ENABLE_OBJC_WEAK = YES;
				CLANG_WARN_BLOCK_CAPTURE_AUTORELEASING = YES;
				CLANG_WARN_BOOL_CONVERSION = YES;
				CLANG_WARN_COMMA = YES;
				CLANG_WARN_CONSTANT_CONVERSION = YES;
				CLANG_WARN_DEPRECATED_OBJC_IMPLEMENTATIONS = YES;
				CLANG_WARN_DIRECT_OBJC_ISA_USAGE = YES_ERROR;
				CLANG_WARN_DOCUMENTATION_COMMENTS = YES;
				CLANG_WARN_EMPTY_BODY = YES;
				CLANG_WARN_ENUM_CONVERSION = YES;
				CLANG_WARN_INFINITE_RECURSION = YES;
				CLANG_WARN_INT_CONVERSION = YES;
				CLANG_WARN_NON_LITERAL_NULL_CONVERSION = YES;
				CLANG_WARN_OBJC_IMPLICIT_RETAIN_SELF = YES;
				CLANG_WARN_OBJC_LITERAL_CONVERSION = YES;
				CLANG_WARN_OBJC_ROOT_CLASS = YES_ERROR;
				CLANG_WARN_RANGE_LOOP_ANALYSIS = YES;
				CLANG_WARN_STRICT_PROTOTYPES = YES;
				CLANG_WARN_SUSPICIOUS_MOVE = YES;
				CLANG_WARN_UNGUARDED_AVAILABILITY = YES_AGGRESSIVE;
				CLANG_WARN_UNREACHABLE_CODE = YES;
				CLANG_WARN__DUPLICATE_METHOD_MATCH = YES;
				COPY_PHASE_STRIP = NO;
				DEBUG_INFORMATION_FORMAT = dwarf;
				ENABLE_STRICT_OBJC_MSGSEND = YES;
				ENABLE_TESTABILITY = YES;
				GCC_C_LANGUAGE_STANDARD = gnu11;
				GCC_DYNAMIC_NO_PIC = NO;
				GCC_NO_COMMON_BLOCKS = YES;
				GCC_OPTIMIZATION_LEVEL = 0;
				GCC_PREPROCESSOR_DEFINITIONS = (
					"DEBUG=1",
					"$(inherited)",
				);
				GCC_WARN_64_TO_32_BIT_CONVERSION = YES;
				GCC_WARN_ABOUT_RETURN_TYPE = YES_ERROR;
				GCC_WARN_UNDECLARED_SELECTOR = YES;
				GCC_WARN_UNINITIALIZED_AUTOS = YES_AGGRESSIVE;
				GCC_WARN_UNUSED_FUNCTION = YES;
				GCC_WARN_UNUSED_VARIABLE = YES;
				MACOSX_DEPLOYMENT_TARGET = 10.14;
				MTL_ENABLE_DEBUG_INFO = INCLUDE_SOURCE;
				MTL_FAST_MATH = YES;
				ONLY_ACTIVE_ARCH = YES;
				SDKROOT = macosx;
			};
			name = Debug;
		};
		2BCD72FF23F6F1BC001D63CE /* Release */ = {
			isa = XCBuildConfiguration;
			buildSettings = {
				ALWAYS_SEARCH_USER_PATHS = NO;
				CLANG_ANALYZER_NONNULL = YES;
				CLANG_ANALYZER_NUMBER_OBJECT_CONVERSION = YES_AGGRESSIVE;
				CLANG_CXX_LANGUAGE_STANDARD = "gnu++14";
				CLANG_CXX_LIBRARY = "libc++";
				CLANG_ENABLE_MODULES = YES;
				CLANG_ENABLE_OBJC_ARC = YES;
				CLANG_ENABLE_OBJC_WEAK = YES;
				CLANG_WARN_BLOCK_CAPTURE_AUTORELEASING = YES;
				CLANG_WARN_BOOL_CONVERSION = YES;
				CLANG_WARN_COMMA = YES;
				CLANG_WARN_CONSTANT_CONVERSION = YES;
				CLANG_WARN_DEPRECATED_OBJC_IMPLEMENTATIONS = YES;
				CLANG_WARN_DIRECT_OBJC_ISA_USAGE = YES_ERROR;
				CLANG_WARN_DOCUMENTATION_COMMENTS = YES;
				CLANG_WARN_EMPTY_BODY = YES;
				CLANG_WARN_ENUM_CONVERSION = YES;
				CLANG_WARN_INFINITE_RECURSION = YES;
				CLANG_WARN_INT_CONVERSION = YES;
				CLANG_WARN_NON_LITERAL_NULL_CONVERSION = YES;
				CLANG_WARN_OBJC_IMPLICIT_RETAIN_SELF = YES;
				CLANG_WARN_OBJC_LITERAL_CONVERSION = YES;
				CLANG_WARN_OBJC_ROOT_CLASS = YES_ERROR;
				CLANG_WARN_RANGE_LOOP_ANALYSIS = YES;
				CLANG_WARN_STRICT_PROTOTYPES = YES;
				CLANG_WARN_SUSPICIOUS_MOVE = YES;
				CLANG_WARN_UNGUARDED_AVAILABILITY = YES_AGGRESSIVE;
				CLANG_WARN_UNREACHABLE_CODE = YES;
				CLANG_WARN__DUPLICATE_METHOD_MATCH = YES;
				COPY_PHASE_STRIP = NO;
				DEBUG_INFORMATION_FORMAT = "dwarf-with-dsym";
				ENABLE_NS_ASSERTIONS = NO;
				ENABLE_STRICT_OBJC_MSGSEND = YES;
				GCC_C_LANGUAGE_STANDARD = gnu11;
				GCC_NO_COMMON_BLOCKS = YES;
				GCC_WARN_64_TO_32_BIT_CONVERSION = YES;
				GCC_WARN_ABOUT_RETURN_TYPE = YES_ERROR;
				GCC_WARN_UNDECLARED_SELECTOR = YES;
				GCC_WARN_UNINITIALIZED_AUTOS = YES_AGGRESSIVE;
				GCC_WARN_UNUSED_FUNCTION = YES;
				GCC_WARN_UNUSED_VARIABLE = YES;
				MACOSX_DEPLOYMENT_TARGET = 10.14;
				MTL_ENABLE_DEBUG_INFO = NO;
				MTL_FAST_MATH = YES;
				SDKROOT = macosx;
			};
			name = Release;
		};
		2BCD730123F6F1BC001D63CE /* Debug */ = {
			isa = XCBuildConfiguration;
			buildSettings = {
				CLANG_CXX_LANGUAGE_STANDARD = "c++0x";
				CLANG_WARN_BLOCK_CAPTURE_AUTORELEASING = NO;
				CLANG_WARN_BOOL_CONVERSION = NO;
				CLANG_WARN_COMMA = NO;
				CLANG_WARN_CONSTANT_CONVERSION = NO;
				CLANG_WARN_ENUM_CONVERSION = NO;
				CLANG_WARN_INT_CONVERSION = NO;
				CLANG_WARN_NON_LITERAL_NULL_CONVERSION = NO;
				CODE_SIGN_ENTITLEMENTS = SwiftWalker/SwiftWalker.entitlements;
				CODE_SIGN_STYLE = Automatic;
				DEVELOPMENT_TEAM = H6KAAZFWNY;
				ENABLE_HARDENED_RUNTIME = YES;
				FRAMEWORK_SEARCH_PATHS = "/Volumes/Ext-Music/work/swift-source/build/Ninja-RelWithDebInfoAssert/cmark-macosx-x86_64/src";
				GCC_WARN_64_TO_32_BIT_CONVERSION = NO;
				LD_RUNPATH_SEARCH_PATHS = "/Volumes/Ext-Music/work/swift-source/build/Ninja-RelWithDebInfoAssert/cmark-macosx-x86_64/src";
				OTHER_CPLUSPLUSFLAGS = (
					"-std=c++14",
					"-fno-rtti",
					"-I/Volumes/Ext-Music/work/swift-source/swift/include/",
					"-I/Volumes/Ext-Music/work/swift-source/build/Ninja-RelWithDebInfoAssert/llvm-macosx-x86_64/include/",
					"-I/Volumes/Ext-Music/work/swift-source/build/Ninja-RelWithDebInfoAssert/swift-macosx-x86_64/include/",
					"-I/Volumes/Ext-Music/work/swift-source/llvm-project/clang/include/",
					"-I/Volumes/Ext-Music/work/swift-source/build/Ninja-RelWithDebInfoAssert/cmark-macosx-x86_64/src",
					"-I/Volumes/Ext-Music/work/swift-source/llvm-project/llvm/include/",
					"-D__STDC_CONSTANT_MACROS",
					"-D__STDC_FORMAT_MACROS",
					"-D__STDC_LIMIT_MACROS",
					"-fvisibility=hidden",
					"-Werror",
					"-Wall",
					"-Wextra",
					"-Wno-unused-parameter",
					"-D_GLIBCXX_USE_CXX11_ABI=1",
				);
				OTHER_LDFLAGS = (
					"-L/Volumes/Ext-Music/work/swift-source/build/Ninja-RelWithDebInfoAssert/swift-macosx-x86_64/lib",
					"-Wl,-search_paths_first",
					"-Wl,-headerpad_max_install_names",
					"-L/Volumes/Ext-Music/work/swift-source/build/Ninja-RelWithDebInfoAssert/cmark-macosx-x86_64/src/",
					"-L/Volumes/Ext-Music/work/swift-source/build/Ninja-RelWithDebInfoAssert/llvm-macosx-x86_64/lib",
					"-Wl,-search_paths_first",
					"-Wl,-headerpad_max_install_names",
					"-lswiftClangImporter",
					"-lswiftMarkup",
					"-lswiftSyntax",
					"-lswiftDemangling",
					"-lswiftBasic",
					"-lswiftASTSectionImporter",
					"-lswiftAST",
					"-lswiftSIL",
					"-lswiftMigrator",
					"-lswiftOption",
					"-lswiftSema",
					"-lswiftParse",
					"-lswiftParseSIL",
					"-lswiftSILGen",
					"-lswiftSILOptimizer",
					"-lswiftSerialization",
					"-lswiftFrontend",
					"-lswiftTBDGen",
					"-lswiftIRGen",
					"-lswiftIDE",
					"-lswiftSyntaxParse",
					"-lcmark",
					"-lz",
					"-lcurses",
					"-lm",
					"-lxml2",
					/usr/lib/libxml2.dylib,
					"-lclangIndex",
					"-lclangFrontend",
					"-lclangSerialization",
					"-lclangDriver",
					"-lclangParse",
					"-lclangSema",
					"-lclangAnalysis",
					"-lclangBasic",
					"-lclangEdit",
					"-lclangLex",
					"-lclangTooling",
					"-lclangAST",
					"-lswiftClangImporter",
					"-lclangRewrite",
					"-lclangRewriteFrontend",
					"-lclangAPINotes",
					"-lclangCodeGen",
					"-lLLVMXRay",
					"-lLLVMWindowsManifest",
					"-lLLVMTestingSupport",
					"-lLLVMTableGen",
					"-lLLVMSymbolize",
					"-lLLVMDebugInfoPDB",
					"-lLLVMOrcJIT",
					"-lLLVMOrcError",
					"-lLLVMJITLink",
					"-lLLVMObjectYAML",
					"-lLLVMMIRParser",
					"-lLLVMMCA",
					"-lLLVMLTO",
					"-lLLVMPasses",
					"-lLLVMObjCARCOpts",
					"-lLLVMLineEditor",
					"-lLLVMLibDriver",
					"-lLLVMInterpreter",
					"-lgtest_main",
					"-lgtest",
					"-lLLVMFuzzMutate",
					"-lLLVMFrontendOpenMP",
					"-lLLVMMCJIT",
					"-lLLVMExecutionEngine",
					"-lLLVMRuntimeDyld",
					"-lLLVMDlltoolDriver",
					"-lLLVMOption",
					"-lLLVMDebugInfoGSYM",
					"-lLLVMCoverage",
					"-lLLVMCoroutines",
					"-lLLVMipo",
					"-lLLVMInstrumentation",
					"-lLLVMVectorize",
					"-lLLVMLinker",
					"-lLLVMIRReader",
					"-lLLVMAsmParser",
					"-lLLVMMipsDisassembler",
					"-lLLVMMipsCodeGen",
					"-lLLVMMipsAsmParser",
					"-lLLVMMipsDesc",
					"-lLLVMMipsInfo",
					"-lLLVMSystemZDisassembler",
					"-lLLVMSystemZCodeGen",
					"-lLLVMSystemZAsmParser",
					"-lLLVMSystemZDesc",
					"-lLLVMSystemZInfo",
					"-lLLVMPowerPCDisassembler",
					"-lLLVMPowerPCCodeGen",
					"-lLLVMPowerPCAsmParser",
					"-lLLVMPowerPCDesc",
					"-lLLVMPowerPCInfo",
					"-lLLVMAArch64Disassembler",
					"-lLLVMAArch64CodeGen",
					"-lLLVMAArch64AsmParser",
					"-lLLVMAArch64Desc",
					"-lLLVMAArch64Utils",
					"-lLLVMAArch64Info",
					"-lLLVMARMDisassembler",
					"-lLLVMARMCodeGen",
					"-lLLVMARMAsmParser",
					"-lLLVMARMDesc",
					"-lLLVMARMUtils",
					"-lLLVMARMInfo",
					"-lLLVMX86Disassembler",
					"-lLLVMX86AsmParser",
					"-lLLVMX86CodeGen",
					"-lLLVMCFGuard",
					"-lLLVMGlobalISel",
					"-lLLVMSelectionDAG",
					"-lLLVMAsmPrinter",
					"-lLLVMDebugInfoDWARF",
					"-lLLVMCodeGen",
					"-lLLVMTarget",
					"-lLLVMScalarOpts",
					"-lLLVMInstCombine",
					"-lLLVMAggressiveInstCombine",
					"-lLLVMTransformUtils",
					"-lLLVMBitWriter",
					"-lLLVMAnalysis",
					"-lLLVMProfileData",
					"-lLLVMX86Desc",
					"-lLLVMObject",
					"-lLLVMTextAPI",
					"-lLLVMMCParser",
					"-lLLVMBitReader",
					"-lLLVMCore",
					"-lLLVMRemarks",
					"-lLLVMBitstreamReader",
					"-lLLVMMCDisassembler",
					"-lLLVMMC",
					"-lLLVMDebugInfoCodeView",
					"-lLLVMDebugInfoMSF",
					"-lLLVMBinaryFormat",
					"-lLLVMX86Utils",
					"-lLLVMX86Info",
					"-lLLVMSupport",
					"-lLLVMDemangle",
				);
				PRODUCT_NAME = "$(TARGET_NAME)";
				WARNING_CFLAGS = (
					"-Wmost",
					"-Wno-four-char-constants",
					"-Wno-unknown-pragmas",
					"$(inherited)",
				);
			};
			name = Debug;
		};
		2BCD730223F6F1BC001D63CE /* Release */ = {
			isa = XCBuildConfiguration;
			buildSettings = {
				CLANG_CXX_LANGUAGE_STANDARD = "c++0x";
				CLANG_WARN_BLOCK_CAPTURE_AUTORELEASING = NO;
				CLANG_WARN_BOOL_CONVERSION = NO;
				CLANG_WARN_COMMA = NO;
				CLANG_WARN_CONSTANT_CONVERSION = NO;
				CLANG_WARN_ENUM_CONVERSION = NO;
				CLANG_WARN_INT_CONVERSION = NO;
				CLANG_WARN_NON_LITERAL_NULL_CONVERSION = NO;
				CODE_SIGN_ENTITLEMENTS = SwiftWalker/SwiftWalker.entitlements;
				CODE_SIGN_STYLE = Automatic;
				DEVELOPMENT_TEAM = H6KAAZFWNY;
				ENABLE_HARDENED_RUNTIME = YES;
				FRAMEWORK_SEARCH_PATHS = "/Volumes/Ext-Music/work/swift-source/build/Ninja-RelWithDebInfoAssert/cmark-macosx-x86_64/src";
				GCC_WARN_64_TO_32_BIT_CONVERSION = NO;
				LD_RUNPATH_SEARCH_PATHS = "/Volumes/Ext-Music/work/swift-source/build/Ninja-RelWithDebInfoAssert/cmark-macosx-x86_64/src";
				OTHER_CPLUSPLUSFLAGS = (
					"-std=c++14",
					"-fno-rtti",
					"-I/Volumes/Ext-Music/work/swift-source/swift/include/",
					"-I/Volumes/Ext-Music/work/swift-source/build/Ninja-RelWithDebInfoAssert/llvm-macosx-x86_64/include/",
					"-I/Volumes/Ext-Music/work/swift-source/build/Ninja-RelWithDebInfoAssert/swift-macosx-x86_64/include/",
					"-I/Volumes/Ext-Music/work/swift-source/llvm-project/clang/include/",
					"-I/Volumes/Ext-Music/work/swift-source/build/Ninja-RelWithDebInfoAssert/cmark-macosx-x86_64/src",
					"-I/Volumes/Ext-Music/work/swift-source/llvm-project/llvm/include/",
					"-D__STDC_CONSTANT_MACROS",
					"-D__STDC_FORMAT_MACROS",
					"-D__STDC_LIMIT_MACROS",
					"-fvisibility=hidden",
					"-Werror",
					"-Wall",
					"-Wextra",
					"-Wno-unused-parameter",
					"-D_GLIBCXX_USE_CXX11_ABI=1",
				);
				OTHER_LDFLAGS = (
					"-L/Volumes/Ext-Music/work/swift-source/build/Ninja-RelWithDebInfoAssert/swift-macosx-x86_64/lib",
					"-Wl,-search_paths_first",
					"-Wl,-headerpad_max_install_names",
					"-L/Volumes/Ext-Music/work/swift-source/build/Ninja-RelWithDebInfoAssert/cmark-macosx-x86_64/src/",
					"-L/Volumes/Ext-Music/work/swift-source/build/Ninja-RelWithDebInfoAssert/llvm-macosx-x86_64/lib",
					"-Wl,-search_paths_first",
					"-Wl,-headerpad_max_install_names",
					"-lswiftClangImporter",
					"-lswiftMarkup",
					"-lswiftSyntax",
					"-lswiftDemangling",
					"-lswiftBasic",
					"-lswiftASTSectionImporter",
					"-lswiftAST",
					"-lswiftSIL",
					"-lswiftMigrator",
					"-lswiftOption",
					"-lswiftSema",
					"-lswiftParse",
					"-lswiftParseSIL",
					"-lswiftSILGen",
					"-lswiftSILOptimizer",
					"-lswiftSerialization",
					"-lswiftFrontend",
					"-lswiftTBDGen",
					"-lswiftIRGen",
					"-lswiftIDE",
					"-lswiftSyntaxParse",
					"-lcmark",
					"-lz",
					"-lcurses",
					"-lm",
					"-lxml2",
					/usr/lib/libxml2.dylib,
					"-lclangIndex",
					"-lclangFrontend",
					"-lclangSerialization",
					"-lclangDriver",
					"-lclangParse",
					"-lclangSema",
					"-lclangAnalysis",
					"-lclangBasic",
					"-lclangEdit",
					"-lclangLex",
					"-lclangTooling",
					"-lclangAST",
					"-lswiftClangImporter",
					"-lclangRewrite",
					"-lclangRewriteFrontend",
					"-lclangAPINotes",
					"-lclangCodeGen",
					"-lLLVMXRay",
					"-lLLVMWindowsManifest",
					"-lLLVMTestingSupport",
					"-lLLVMTableGen",
					"-lLLVMSymbolize",
					"-lLLVMDebugInfoPDB",
					"-lLLVMOrcJIT",
					"-lLLVMOrcError",
					"-lLLVMJITLink",
					"-lLLVMObjectYAML",
					"-lLLVMMIRParser",
					"-lLLVMMCA",
					"-lLLVMLTO",
					"-lLLVMPasses",
					"-lLLVMObjCARCOpts",
					"-lLLVMLineEditor",
					"-lLLVMLibDriver",
					"-lLLVMInterpreter",
					"-lgtest_main",
					"-lgtest",
					"-lLLVMFuzzMutate",
					"-lLLVMFrontendOpenMP",
					"-lLLVMMCJIT",
					"-lLLVMExecutionEngine",
					"-lLLVMRuntimeDyld",
					"-lLLVMDlltoolDriver",
					"-lLLVMOption",
					"-lLLVMDebugInfoGSYM",
					"-lLLVMCoverage",
					"-lLLVMCoroutines",
					"-lLLVMipo",
					"-lLLVMInstrumentation",
					"-lLLVMVectorize",
					"-lLLVMLinker",
					"-lLLVMIRReader",
					"-lLLVMAsmParser",
					"-lLLVMMipsDisassembler",
					"-lLLVMMipsCodeGen",
					"-lLLVMMipsAsmParser",
					"-lLLVMMipsDesc",
					"-lLLVMMipsInfo",
					"-lLLVMSystemZDisassembler",
					"-lLLVMSystemZCodeGen",
					"-lLLVMSystemZAsmParser",
					"-lLLVMSystemZDesc",
					"-lLLVMSystemZInfo",
					"-lLLVMPowerPCDisassembler",
					"-lLLVMPowerPCCodeGen",
					"-lLLVMPowerPCAsmParser",
					"-lLLVMPowerPCDesc",
					"-lLLVMPowerPCInfo",
					"-lLLVMAArch64Disassembler",
					"-lLLVMAArch64CodeGen",
					"-lLLVMAArch64AsmParser",
					"-lLLVMAArch64Desc",
					"-lLLVMAArch64Utils",
					"-lLLVMAArch64Info",
					"-lLLVMARMDisassembler",
					"-lLLVMARMCodeGen",
					"-lLLVMARMAsmParser",
					"-lLLVMARMDesc",
					"-lLLVMARMUtils",
					"-lLLVMARMInfo",
					"-lLLVMX86Disassembler",
					"-lLLVMX86AsmParser",
					"-lLLVMX86CodeGen",
					"-lLLVMCFGuard",
					"-lLLVMGlobalISel",
					"-lLLVMSelectionDAG",
					"-lLLVMAsmPrinter",
					"-lLLVMDebugInfoDWARF",
					"-lLLVMCodeGen",
					"-lLLVMTarget",
					"-lLLVMScalarOpts",
					"-lLLVMInstCombine",
					"-lLLVMAggressiveInstCombine",
					"-lLLVMTransformUtils",
					"-lLLVMBitWriter",
					"-lLLVMAnalysis",
					"-lLLVMProfileData",
					"-lLLVMX86Desc",
					"-lLLVMObject",
					"-lLLVMTextAPI",
					"-lLLVMMCParser",
					"-lLLVMBitReader",
					"-lLLVMCore",
					"-lLLVMRemarks",
					"-lLLVMBitstreamReader",
					"-lLLVMMCDisassembler",
					"-lLLVMMC",
					"-lLLVMDebugInfoCodeView",
					"-lLLVMDebugInfoMSF",
					"-lLLVMBinaryFormat",
					"-lLLVMX86Utils",
					"-lLLVMX86Info",
					"-lLLVMSupport",
					"-lLLVMDemangle",
				);
				PRODUCT_NAME = "$(TARGET_NAME)";
				WARNING_CFLAGS = (
					"-Wmost",
					"-Wno-four-char-constants",
					"-Wno-unknown-pragmas",
					"$(inherited)",
				);
			};
			name = Release;
		};
/* End XCBuildConfiguration section */

/* Begin XCConfigurationList section */
		2BCD72F423F6F1BC001D63CE /* Build configuration list for PBXProject "SwiftWalker" */ = {
			isa = XCConfigurationList;
			buildConfigurations = (
				2BCD72FE23F6F1BC001D63CE /* Debug */,
				2BCD72FF23F6F1BC001D63CE /* Release */,
			);
			defaultConfigurationIsVisible = 0;
			defaultConfigurationName = Release;
		};
		2BCD730023F6F1BC001D63CE /* Build configuration list for PBXNativeTarget "SwiftWalker" */ = {
			isa = XCConfigurationList;
			buildConfigurations = (
				2BCD730123F6F1BC001D63CE /* Debug */,
				2BCD730223F6F1BC001D63CE /* Release */,
			);
			defaultConfigurationIsVisible = 0;
			defaultConfigurationName = Release;
		};
/* End XCConfigurationList section */
	};
	rootObject = 2BCD72F123F6F1BC001D63CE /* Project object */;
}
